
Microsoft Visual Studio Solution File, Format Version 12.00
# Visual Studio Version 17
VisualStudioVersion = 17.5.33424.131
MinimumVisualStudioVersion = 10.0.40219.1
Project("{FAE04EC0-301F-11D3-BF4B-00C04F79EFBC}") = "ChartWriter", "ChartWriter\ChartWriter.csproj", "{2400E23A-49D9-43EC-A615-C1BF3F283A79}"
EndProject
Global
	GlobalSection(SolutionConfigurationPlatforms) = preSolution
		Debug|Any CPU = Debug|Any CPU
		Release|Any CPU = Release|Any CPU
	EndGlobalSection
	GlobalSection(ProjectConfigurationPlatforms) = postSolution
		{2400E23A-49D9-43EC-A615-C1BF3F283A79}.Debug|Any CPU.ActiveCfg = Debug|Any CPU
		{2400E23A-49D9-43EC-A615-C1BF3F283A79}.Debug|Any CPU.Build.0 = Debug|Any CPU
		{2400E23A-49D9-43EC-A615-C1BF3F283A79}.Release|Any CPU.ActiveCfg = Release|Any CPU
		{2400E23A-49D9-43EC-A615-C1BF3F283A79}.Release|Any CPU.Build.0 = Release|Any CPU
	EndGlobalSection
	GlobalSection(SolutionProperties) = preSolution
		HideSolutionNode = FALSE
	EndGlobalSection
	GlobalSection(ExtensibilityGlobals) = postSolution
		SolutionGuid = {444C4CDD-6A1A-43A7-B305-9EDEFC576B16}
	EndGlobalSection
EndGlobal
